
Microsoft Visual Studio Solution File, Format Version 12.00
# Visual Studio Version 17
VisualStudioVersion = 17.9.34622.214
MinimumVisualStudioVersion = 10.0.40219.1
Project("{FAE04EC0-301F-11D3-BF4B-00C04F79EFBC}") = "messenger", "messenger\messenger.csproj", "{80FD6A00-9538-4628-8A63-8088B6A6C433}"
EndProject
Global
	GlobalSection(SolutionConfigurationPlatforms) = preSolution
		Debug|Any CPU = Debug|Any CPU
		Release|Any CPU = Release|Any CPU
	EndGlobalSection
	GlobalSection(ProjectConfigurationPlatforms) = postSolution
		{80FD6A00-9538-4628-8A63-8088B6A6C433}.Debug|Any CPU.ActiveCfg = Debug|Any CPU
		{80FD6A00-9538-4628-8A63-8088B6A6C433}.Debug|Any CPU.Build.0 = Debug|Any CPU
		{80FD6A00-9538-4628-8A63-8088B6A6C433}.Release|Any CPU.ActiveCfg = Release|Any CPU
		{80FD6A00-9538-4628-8A63-8088B6A6C433}.Release|Any CPU.Build.0 = Release|Any CPU
	EndGlobalSection
	GlobalSection(SolutionProperties) = preSolution
		HideSolutionNode = FALSE
	EndGlobalSection
	GlobalSection(ExtensibilityGlobals) = postSolution
		SolutionGuid = {C60F93B4-08FF-44CF-930A-6CAEF8EEAAD3}
	EndGlobalSection
EndGlobal
